[[package]]
name = "aiohttp"
version = "3.8.3"
description = "Async http client/server framework (asyncio)"
category = "main"
optional = false
python-versions = ">=3.6"

[package.dependencies]
aiosignal = ">=1.1.2"
async-timeout = ">=4.0.0a3,<5.0"
attrs = ">=17.3.0"
charset-normalizer = ">=2.0,<3.0"
frozenlist = ">=1.1.1"
multidict = ">=4.5,<7.0"
yarl = ">=1.0,<2.0"

[package.extras]
speedups = ["aiodns", "brotli", "cchardet"]

[[package]]
name = "aioredis"
version = "1.3.1"
description = "asyncio (PEP 3156) Redis support"
category = "main"
optional = false
python-versions = "*"

[package.dependencies]
async-timeout = "*"
hiredis = "*"

[[package]]
name = "aioredis-lock"
version = "0.1.0"
description = "Wrapper to provide distributed locks in aioredis"
category = "main"
optional = false
python-versions = ">=3.7"

[package.dependencies]
aioredis = "*"

[[package]]
name = "aiosignal"
version = "1.3.1"
description = "aiosignal: a list of registered asynchronous callbacks"
category = "main"
optional = false
python-versions = ">=3.7"

[package.dependencies]
frozenlist = ">=1.1.0"

[[package]]
name = "astunparse"
version = "1.6.3"
description = "An AST unparser for Python"
category = "main"
optional = false
python-versions = "*"

[package.dependencies]
six = ">=1.6.1,<2.0"

[[package]]
name = "async-timeout"
version = "4.0.2"
description = "Timeout context manager for asyncio programs"
category = "main"
optional = false
python-versions = ">=3.6"

[[package]]
name = "attrs"
version = "22.2.0"
description = "Classes Without Boilerplate"
category = "main"
optional = false
python-versions = ">=3.6"

[package.extras]
cov = ["attrs", "coverage-enable-subprocess", "coverage[toml] (>=5.3)"]
dev = ["attrs"]
docs = ["furo", "sphinx", "myst-parser", "zope.interface", "sphinx-notfound-page", "sphinxcontrib-towncrier", "towncrier"]
tests = ["attrs", "zope.interface"]
tests-no-zope = ["hypothesis", "pympler", "pytest (>=4.3.0)", "pytest-xdist", "cloudpickle", "mypy (>=0.971,<0.990)", "pytest-mypy-plugins"]
tests_no_zope = ["hypothesis", "pympler", "pytest (>=4.3.0)", "pytest-xdist", "cloudpickle", "mypy (>=0.971,<0.990)", "pytest-mypy-plugins"]

[[package]]
name = "black"
version = "22.12.0"
description = "The uncompromising code formatter."
category = "dev"
optional = false
python-versions = ">=3.7"

[package.dependencies]
click = ">=8.0.0"
mypy-extensions = ">=0.4.3"
pathspec = ">=0.9.0"
platformdirs = ">=2"
tomli = {version = ">=1.1.0", markers = "python_full_version < \"3.11.0a7\""}

[package.extras]
colorama = ["colorama (>=0.4.3)"]
d = ["aiohttp (>=3.7.4)"]
jupyter = ["ipython (>=7.8.0)", "tokenize-rt (>=3.2.0)"]
uvloop = ["uvloop (>=0.15.2)"]

[[package]]
name = "braceexpand"
version = "0.1.7"
description = "Bash-style brace expansion for Python"
category = "main"
optional = false
python-versions = "*"

[[package]]
name = "certifi"
version = "2022.12.7"
description = "Python package for providing Mozilla's CA Bundle."
category = "main"
optional = false
python-versions = ">=3.6"

[[package]]
name = "charset-normalizer"
version = "2.1.1"
description = "The Real First Universal Charset Detector. Open, modern and actively maintained alternative to Chardet."
category = "main"
optional = false
python-versions = ">=3.6.0"

[package.extras]
unicode_backport = ["unicodedata2"]

[[package]]
name = "click"
version = "8.1.3"
description = "Composable command line interface toolkit"
category = "main"
optional = false
python-versions = ">=3.7"

[package.dependencies]
colorama = {version = "*", markers = "platform_system == \"Windows\""}

[[package]]
name = "colorama"
version = "0.4.6"
description = "Cross-platform colored terminal text."
category = "main"
optional = false
python-versions = "!=3.0.*,!=3.1.*,!=3.2.*,!=3.3.*,!=3.4.*,!=3.5.*,!=3.6.*,>=2.7"

[[package]]
name = "decorator"
version = "5.1.1"
description = "Decorators for Humans"
category = "main"
optional = false
python-versions = ">=3.5"

[[package]]
name = "discord-ext-menus"
version = "1.0.0a32+g8686b5d"
description = "An extension module to make reaction based menus with discord.py"
category = "main"
optional = false
python-versions = ">=3.5.3"
develop = false

[package.dependencies]
"discord.py" = ">=1.2.5"

[package.source]
type = "git"
url = "https://github.com/Rapptz/discord-ext-menus.git"
reference = "master"
resolved_reference = "8686b5d1bbc1d3c862292eb436ab630d6e9c9b53"

[[package]]
name = "discord-ext-menus-views"
version = "0.1.0"
description = "A discord.ext.menus Menu backed by Views and Buttons instead of reactions."
category = "main"
optional = false
python-versions = "^3.8"
develop = false

[package.source]
type = "git"
url = "https://github.com/oliver-ni/discord-ext-menus-views.git"
reference = "master"
resolved_reference = "a472f3de648eb9e0fcffc2e101c69841de92f3ff"

[[package]]
name = "discord-flags"
version = "2.1.1"
description = "A Discord.py extension allowing you to pass flags as arguments."
category = "main"
optional = false
python-versions = "*"
develop = false

[package.dependencies]
"discord.py" = ">=1.2.5"

[package.source]
type = "git"
url = "https://github.com/oliver-ni/Flag-Parsing.git"
reference = "master"
resolved_reference = "e42a248a3f5d52b768940e417daa3ee19757af5e"

[[package]]
name = "discord.py"
version = "2.2.0a4706+gc19c24f7"
description = "A Python wrapper for the Discord API"
category = "main"
optional = false
python-versions = ">=3.8.0"
develop = false

[package.dependencies]
aiohttp = ">=3.7.4,<4"

[package.extras]
docs = ["sphinx (==4.4.0)", "sphinxcontrib-trio (==1.1.2)", "sphinxcontrib-websupport", "typing-extensions (>=4.3,<5)"]
speed = ["orjson (>=3.5.4)", "aiodns (>=1.1)", "brotli", "cchardet (==2.1.7)"]
test = ["coverage", "pytest", "pytest-asyncio", "pytest-cov", "pytest-mock", "typing-extensions (>=4.3,<5)"]
voice = ["PyNaCl (>=1.3.0,<1.6)"]

[package.source]
type = "git"
url = "https://github.com/poketwo/discord.py.git"
reference = "master"
resolved_reference = "c19c24f73be077a0cc8e2277f38a38cfc20eec7d"

[[package]]
name = "dnspython"
version = "2.3.0"
description = "DNS toolkit"
category = "main"
optional = false
python-versions = ">=3.7,<4.0"

[package.extras]
doq = ["aioquic (>=0.9.20)"]
dnssec = ["cryptography (>=2.6,<40.0)"]
curio = ["curio (>=1.2,<2.0)", "sniffio (>=1.1,<2.0)"]
doh = ["h2 (>=4.1.0)", "httpx (>=0.21.1)", "requests (>=2.23.0,<3.0.0)", "requests-toolbelt (>=0.9.1,<0.11.0)"]
idna = ["idna (>=2.1,<4.0)"]
trio = ["trio (>=0.14,<0.23)"]
wmi = ["wmi (>=1.5.1,<2.0.0)"]

[[package]]
name = "durations-nlp"
version = "1.0.1"
description = "A python durations parsing library."
category = "main"
optional = false
python-versions = ">=3.6,<4.0"

[[package]]
name = "expiringdict"
version = "1.2.2"
description = "Dictionary with auto-expiring values for caching purposes"
category = "main"
optional = false
python-versions = "*"

[package.extras]
tests = ["dill", "coverage", "coveralls", "mock", "nose"]

[[package]]
name = "frozenlist"
version = "1.3.3"
description = "A list-like structure which implements collections.abc.MutableSequence"
category = "main"
optional = false
python-versions = ">=3.7"

[[package]]
name = "future"
version = "0.18.3"
description = "Clean single-source support for Python 3 and 2"
category = "main"
optional = false
python-versions = ">=2.6, !=3.0.*, !=3.1.*, !=3.2.*"

[[package]]
name = "geocoder"
version = "1.38.1"
description = "Geocoder is a simple and consistent geocoding library."
category = "main"
optional = false
python-versions = "*"

[package.dependencies]
click = "*"
future = "*"
ratelim = "*"
requests = "*"
six = "*"

[[package]]
name = "hiredis"
version = "2.2.1"
description = "Python wrapper for hiredis"
category = "main"
optional = false
python-versions = ">=3.7"

[[package]]
name = "humanfriendly"
version = "8.2"
description = "Human friendly output for text interfaces using Python"
category = "main"
optional = false
python-versions = ">=2.7, !=3.0.*, !=3.1.*, !=3.2.*, !=3.3.*, !=3.4.*"

[package.dependencies]
pyreadline = {version = "*", markers = "sys_platform == \"win32\""}

[[package]]
name = "idna"
version = "3.4"
description = "Internationalized Domain Names in Applications (IDNA)"
category = "main"
optional = false
python-versions = ">=3.5"

[[package]]
name = "import-expression"
version = "1.1.4"
description = "Parses a superset of Python allowing for inline module import expressions"
category = "main"
optional = false
python-versions = "*"

[package.dependencies]
astunparse = ">=1.6.3,<2.0.0"

[package.extras]
test = ["pytest", "pytest-cov"]

[[package]]
name = "jishaku"
version = "2.5.1a471+g33d7f7f.master"
description = "A discord.py extension including useful tools for bot development and debugging."
category = "main"
optional = false
python-versions = ">=3.10.0"
develop = false

[package.dependencies]
braceexpand = ">=0.1.7"
click = ">=8.1.3"
import-expression = ">=1.0.0,<2.0.0"
tabulate = ">=0.9.0"

[package.extras]
discordpy = ["discord.py (>=2.1.0)"]
docs = ["Sphinx (>=4.4.0)", "sphinxcontrib-trio (>=1.1.2)"]
procinfo = ["psutil (>=5.9.4)"]
profiling = ["line-profiler (>=4.0.2)"]
publish = ["Jinja2 (>=3.1.2)"]
test = ["coverage (>=7.0.5)", "flake8 (>=6.0.0)", "isort (>=5.11.4)", "pylint (>=2.15.10)", "pytest (>=7.2.1)", "pytest-asyncio (>=0.20.3)", "pytest-cov (>=4.0.0)", "pytest-mock (>=3.10.0)"]
voice = ["yt-dlp (>=2023.1.6)"]

[package.source]
type = "git"
url = "https://github.com/Gorialis/jishaku.git"
reference = "master"
resolved_reference = "33d7f7f519610bb0ab266e5f7492b8ec79351761"

[[package]]
name = "marshmallow"
version = "3.19.0"
description = "A lightweight library for converting complex datatypes to and from native Python datatypes."
category = "main"
optional = false
python-versions = ">=3.7"

[package.dependencies]
packaging = ">=17.0"

[package.extras]
dev = ["pytest", "pytz", "simplejson", "mypy (==0.990)", "flake8 (==5.0.4)", "flake8-bugbear (==22.10.25)", "pre-commit (>=2.4,<3.0)", "tox"]
docs = ["sphinx (==5.3.0)", "sphinx-issues (==3.0.1)", "alabaster (==0.7.12)", "sphinx-version-warning (==1.1.2)", "autodocsumm (==0.2.9)"]
lint = ["mypy (==0.990)", "flake8 (==5.0.4)", "flake8-bugbear (==22.10.25)", "pre-commit (>=2.4,<3.0)"]
tests = ["pytest", "pytz", "simplejson"]

[[package]]
name = "motor"
version = "2.5.1"
description = "Non-blocking MongoDB driver for Tornado or asyncio"
category = "main"
optional = false
python-versions = ">=3.5.2"

[package.dependencies]
pymongo = ">=3.12,<4"

[package.extras]
encryption = ["pymongo[encryption] (>=3.12,<4)"]

[[package]]
name = "multidict"
version = "6.0.4"
description = "multidict implementation"
category = "main"
optional = false
python-versions = ">=3.7"

[[package]]
name = "mypy-extensions"
version = "1.0.0"
description = "Type system extensions for programs checked with the mypy type checker."
category = "dev"
optional = false
python-versions = ">=3.5"

[[package]]
name = "packaging"
version = "23.0"
description = "Core utilities for Python packages"
category = "main"
optional = false
python-versions = ">=3.7"

[[package]]
name = "pathspec"
version = "0.11.0"
description = "Utility library for gitignore style pattern matching of file paths."
category = "dev"
optional = false
python-versions = ">=3.7"

[[package]]
name = "platformdirs"
version = "2.6.2"
description = "A small Python package for determining appropriate platform-specific dirs, e.g. a \"user data dir\"."
category = "dev"
optional = false
python-versions = ">=3.7"

[package.extras]
docs = ["furo (>=2022.12.7)", "proselint (>=0.13)", "sphinx-autodoc-typehints (>=1.19.5)", "sphinx (>=5.3)"]
test = ["appdirs (==1.4.4)", "covdefaults (>=2.2.2)", "pytest-cov (>=4)", "pytest-mock (>=3.10)", "pytest (>=7.2)"]

[[package]]
name = "pymongo"
version = "3.13.0"
description = "Python driver for MongoDB <http://www.mongodb.org>"
category = "main"
optional = false
python-versions = "*"

[package.extras]
aws = ["pymongo-auth-aws (<2.0.0)"]
encryption = ["pymongocrypt (>=1.1.0,<2.0.0)"]
gssapi = ["pykerberos"]
ocsp = ["pyopenssl (>=17.2.0)", "requests (<3.0.0)", "service-identity (>=18.1.0)", "certifi"]
snappy = ["python-snappy"]
srv = ["dnspython (>=1.16.0,<1.17.0)"]
tls = ["ipaddress"]
zstd = ["zstandard"]

[[package]]
name = "pyreadline"
version = "2.1"
description = "A python implmementation of GNU readline."
category = "main"
optional = false
python-versions = "*"

[[package]]
name = "python-dateutil"
version = "2.8.2"
description = "Extensions to the standard Python datetime module"
category = "main"
optional = false
python-versions = "!=3.0.*,!=3.1.*,!=3.2.*,>=2.7"

[package.dependencies]
six = ">=1.5"

[[package]]
name = "python-json-logger"
version = "2.0.4"
description = "A python library adding a json log formatter"
category = "main"
optional = false
python-versions = ">=3.5"

[[package]]
name = "ratelim"
version = "0.1.6"
description = "Makes it easy to respect rate limits."
category = "main"
optional = false
python-versions = "*"

[package.dependencies]
decorator = "*"

[[package]]
name = "requests"
version = "2.28.2"
description = "Python HTTP for Humans."
category = "main"
optional = false
python-versions = ">=3.7, <4"

[package.dependencies]
certifi = ">=2017.4.17"
charset-normalizer = ">=2,<4"
idna = ">=2.5,<4"
urllib3 = ">=1.21.1,<1.27"

[package.extras]
socks = ["PySocks (>=1.5.6,!=1.5.7)"]
use_chardet_on_py3 = ["chardet (>=3.0.2,<6)"]

[[package]]
name = "six"
version = "1.16.0"
description = "Python 2 and 3 compatibility utilities"
category = "main"
optional = false
python-versions = ">=2.7, !=3.0.*, !=3.1.*, !=3.2.*"

[[package]]
name = "structlog"
version = "22.3.0"
description = "Structured Logging for Python"
category = "main"
optional = false
python-versions = ">=3.7"

[package.extras]
dev = ["structlog"]
docs = ["furo", "myst-parser", "sphinx", "sphinx-notfound-page", "sphinxcontrib-mermaid", "twisted"]
tests = ["coverage", "freezegun (>=0.2.8)", "pretend", "pytest-asyncio (>=0.17)", "pytest (>=6.0)", "simplejson"]
typing = ["mypy", "rich", "twisted"]

[[package]]
name = "suntime"
version = "1.2.5"
description = "Simple sunset and sunrise time calculation python library"
category = "main"
optional = false
python-versions = "*"

[package.dependencies]
python-dateutil = "*"

[[package]]
name = "tabulate"
version = "0.9.0"
description = "Pretty-print tabular data"
category = "main"
optional = false
python-versions = ">=3.7"

[package.extras]
widechars = ["wcwidth"]

[[package]]
name = "tomli"
version = "2.0.1"
description = "A lil' TOML parser"
category = "dev"
optional = false
python-versions = ">=3.7"

[[package]]
name = "umongo"
version = "3.0.0b10"
description = "sync/async MongoDB ODM, yes."
category = "main"
optional = false
python-versions = ">=3.7"

[package.dependencies]
marshmallow = ">=3.5.0"
pymongo = ">=3.7.0"

[package.extras]
mongomock = ["mongomock"]
motor = ["motor (>=1.1,<3.0)"]
txmongo = ["txmongo (>=19.2.0)"]

[[package]]
name = "urllib3"
version = "1.26.14"
description = "HTTP library with thread-safe connection pooling, file post, and more."
category = "main"
optional = false
python-versions = ">=2.7, !=3.0.*, !=3.1.*, !=3.2.*, !=3.3.*, !=3.4.*, !=3.5.*"

[package.extras]
brotli = ["brotlicffi (>=0.8.0)", "brotli (>=1.0.9)", "brotlipy (>=0.6.0)"]
secure = ["pyOpenSSL (>=0.14)", "cryptography (>=1.3.4)", "idna (>=2.0.0)", "certifi", "urllib3-secure-extra", "ipaddress"]
socks = ["PySocks (>=1.5.6,!=1.5.7,<2.0)"]

[[package]]
name = "uvloop"
version = "0.15.3"
description = "Fast implementation of asyncio event loop on top of libuv"
category = "main"
optional = false
python-versions = ">=3.7"

[package.extras]
dev = ["Cython (>=0.29.20,<0.30.0)", "pytest (>=3.6.0)", "Sphinx (>=1.7.3,<1.8.0)", "sphinxcontrib-asyncio (>=0.2.0,<0.3.0)", "sphinx-rtd-theme (>=0.2.4,<0.3.0)", "aiohttp", "flake8 (>=3.8.4,<3.9.0)", "psutil", "pycodestyle (>=2.6.0,<2.7.0)", "pyOpenSSL (>=19.0.0,<19.1.0)", "mypy (>=0.800)"]
docs = ["Sphinx (>=1.7.3,<1.8.0)", "sphinxcontrib-asyncio (>=0.2.0,<0.3.0)", "sphinx-rtd-theme (>=0.2.4,<0.3.0)"]
test = ["aiohttp", "flake8 (>=3.8.4,<3.9.0)", "psutil", "pycodestyle (>=2.6.0,<2.7.0)", "pyOpenSSL (>=19.0.0,<19.1.0)", "mypy (>=0.800)"]

[[package]]
name = "yarl"
version = "1.8.2"
description = "Yet another URL library"
category = "main"
optional = false
python-versions = ">=3.7"

[package.dependencies]
idna = ">=2.0"
multidict = ">=4.0"

[metadata]
lock-version = "1.1"
python-versions = "^3.10"
content-hash = "af57d55bb2239798ffa51ff9f0efda0bb09efa4b4847da40399b14bdbd85f201"

[metadata.files]
aiohttp = []
aioredis = [
    {file = "aioredis-1.3.1-py3-none-any.whl", hash = "sha256:b61808d7e97b7cd5a92ed574937a079c9387fdadd22bfbfa7ad2fd319ecc26e3"},
    {file = "aioredis-1.3.1.tar.gz", hash = "sha256:15f8af30b044c771aee6787e5ec24694c048184c7b9e54c3b60c750a4b93273a"},
]
aioredis-lock = [
    {file = "aioredis-lock-0.1.0.tar.gz", hash = "sha256:dd62f980c57bff8c8e66a0d1947c95060dbb9f5f465156fb705e3b47547ae834"},
    {file = "aioredis_lock-0.1.0-py3-none-any.whl", hash = "sha256:0d0cda38f75609ba20ed6d34deef8a3594847e00c71d61774a76d0dbe428f551"},
]
aiosignal = []
astunparse = [
    {file = "astunparse-1.6.3-py2.py3-none-any.whl", hash = "sha256:c2652417f2c8b5bb325c885ae329bdf3f86424075c4fd1a128674bc6fba4b8e8"},
    {file = "astunparse-1.6.3.tar.gz", hash = "sha256:5ad93a8456f0d084c3456d059fd9a92cce667963232cbf763eac3bc5b7940872"},
]
async-timeout = [
    {file = "async-timeout-4.0.2.tar.gz", hash = "sha256:2163e1640ddb52b7a8c80d0a67a08587e5d245cc9c553a74a847056bc2976b15"},
    {file = "async_timeout-4.0.2-py3-none-any.whl", hash = "sha256:8ca1e4fcf50d07413d66d1a5e416e42cfdf5851c981d679a09851a6853383b3c"},
]
attrs = []
black = []
braceexpand = [
    {file = "braceexpand-0.1.7-py2.py3-none-any.whl", hash = "sha256:91332d53de7828103dcae5773fb43bc34950b0c8160e35e0f44c4427a3b85014"},
    {file = "braceexpand-0.1.7.tar.gz", hash = "sha256:e6e539bd20eaea53547472ff94f4fb5c3d3bf9d0a89388c4b56663aba765f705"},
]
certifi = []
charset-normalizer = []
click = [
    {file = "click-8.1.3-py3-none-any.whl", hash = "sha256:bb4d8133cb15a609f44e8213d9b391b0809795062913b383c62be0ee95b1db48"},
    {file = "click-8.1.3.tar.gz", hash = "sha256:7682dc8afb30297001674575ea00d1814d808d6a36af415a82bd481d37ba7b8e"},
]
colorama = []
decorator = [
    {file = "decorator-5.1.1-py3-none-any.whl", hash = "sha256:b8c3f85900b9dc423225913c5aace94729fe1fa9763b38939a95226f02d37186"},
    {file = "decorator-5.1.1.tar.gz", hash = "sha256:637996211036b6385ef91435e4fae22989472f9d571faba8927ba8253acbc330"},
]
discord-ext-menus = []
discord-ext-menus-views = []
discord-flags = []
"discord.py" = []
dnspython = []
durations-nlp = [
    {file = "durations_nlp-1.0.1-py3-none-any.whl", hash = "sha256:91b411a2d92986c63c125c81b91181aed9ba70f5c9efded9401387783631f022"},
    {file = "durations_nlp-1.0.1.tar.gz", hash = "sha256:25a87a372ddabf5fb45ed1da8fc711a53a0236c2954dc9c51590cee35dbf3136"},
]
expiringdict = []
frozenlist = []
future = []
geocoder = [
    {file = "geocoder-1.38.1-py2.py3-none-any.whl", hash = "sha256:a733e1dfbce3f4e1a526cac03aadcedb8ed1239cf55bd7f3a23c60075121a834"},
    {file = "geocoder-1.38.1.tar.gz", hash = "sha256:c9925374c961577d0aee403b09e6f8ea1971d913f011f00ca70c76beaf7a77e7"},
]
hiredis = []
humanfriendly = [
    {file = "humanfriendly-8.2-py2.py3-none-any.whl", hash = "sha256:e78960b31198511f45fd455534ae7645a6207d33e512d2e842c766d15d9c8080"},
    {file = "humanfriendly-8.2.tar.gz", hash = "sha256:bf52ec91244819c780341a3438d5d7b09f431d3f113a475147ac9b7b167a3d12"},
]
idna = []
import-expression = [
    {file = "import_expression-1.1.4-py3-none-any.whl", hash = "sha256:292099910a4dcc65ba562377cd2265487ba573dd63d73bdee5deec36ca49555b"},
    {file = "import_expression-1.1.4.tar.gz", hash = "sha256:06086a6ab3bfa528b1c478e633d6adf2b3a990e31440f6401b0f3ea12b0659a9"},
]
jishaku = []
marshmallow = []
motor = [
    {file = "motor-2.5.1-py3-none-any.whl", hash = "sha256:961fdceacaae2c7236c939166f66415be81be8bbb762da528386738de3a0f509"},
    {file = "motor-2.5.1.tar.gz", hash = "sha256:663473f4498f955d35db7b6f25651cb165514c247136f368b84419cb7635f6b8"},
]
multidict = []
mypy-extensions = []
packaging = []
pathspec = []
platformdirs = []
pymongo = []
pyreadline = [
    {file = "pyreadline-2.1.win-amd64.exe", hash = "sha256:9ce5fa65b8992dfa373bddc5b6e0864ead8f291c94fbfec05fbd5c836162e67b"},
    {file = "pyreadline-2.1.win32.exe", hash = "sha256:65540c21bfe14405a3a77e4c085ecfce88724743a4ead47c66b84defcf82c32e"},
    {file = "pyreadline-2.1.zip", hash = "sha256:4530592fc2e85b25b1a9f79664433da09237c1a270e4d78ea5aa3a2c7229e2d1"},
]
python-dateutil = [
    {file = "python-dateutil-2.8.2.tar.gz", hash = "sha256:0123cacc1627ae19ddf3c27a5de5bd67ee4586fbdd6440d9748f8abb483d3e86"},
    {file = "python_dateutil-2.8.2-py2.py3-none-any.whl", hash = "sha256:961d03dc3453ebbc59dbdea9e4e11c5651520a876d0f4db161e8674aae935da9"},
]
python-json-logger = []
ratelim = [
    {file = "ratelim-0.1.6-py2.py3-none-any.whl", hash = "sha256:e1a7dd39e6b552b7cc7f52169cd66cdb826a1a30198e355d7016012987c9ad08"},
    {file = "ratelim-0.1.6.tar.gz", hash = "sha256:826d32177e11f9a12831901c9fda6679fd5bbea3605910820167088f5acbb11d"},
]
requests = []
six = [
    {file = "six-1.16.0-py2.py3-none-any.whl", hash = "sha256:8abb2f1d86890a2dfb989f9a77cfcfd3e47c2a354b01111771326f8aa26e0254"},
    {file = "six-1.16.0.tar.gz", hash = "sha256:1e61c37477a1626458e36f7b1d82aa5c9b094fa4802892072e49de9c60c4c926"},
]
structlog = []
suntime = [
    {file = "suntime-1.2.5-py3-none-any.whl", hash = "sha256:d957e9ca786ab3cd80bf624b007fed7d07f07c6fa33f3ccc5ec34c9bb0c380c6"},
    {file = "suntime-1.2.5-py3.7.egg", hash = "sha256:ac03cc8bb6e6457c946139e24928300762e60236e8623f3e0e5f4944a582e0dd"},
    {file = "suntime-1.2.5.tar.gz", hash = "sha256:e4df651dfcde332f905e57da6be49a1cc696499f11853fb0395df29104274649"},
]
tabulate = []
tomli = [
    {file = "tomli-2.0.1-py3-none-any.whl", hash = "sha256:939de3e7a6161af0c887ef91b7d41a53e7c5a1ca976325f429cb46ea9bc30ecc"},
    {file = "tomli-2.0.1.tar.gz", hash = "sha256:de526c12914f0c550d15924c62d72abc48d6fe7364aa87328337a31007fe8a4f"},
]
umongo = [
    {file = "umongo-3.0.0b10-py2.py3-none-any.whl", hash = "sha256:ce24ad58e8baaa9bfe0d63e4066e2c168fadb6908dba74bd5836fd87b9cd486f"},
    {file = "umongo-3.0.0b10.tar.gz", hash = "sha256:7f89e223cc8202c089d72e241063c91cd37f4a615bf3205b4bbdb8a9c82a245a"},
]
urllib3 = []
uvloop = [
    {file = "uvloop-0.15.3-cp37-cp37m-macosx_10_14_x86_64.whl", hash = "sha256:e71fb9038bfcd7646ca126c5ef19b17e48d4af9e838b2bcfda7a9f55a6552a32"},
    {file = "uvloop-0.15.3-cp37-cp37m-manylinux_2_12_x86_64.manylinux2010_x86_64.whl", hash = "sha256:7522df4e45e4f25b50adbbbeb5bb9847495c438a628177099d2721f2751ff825"},
    {file = "uvloop-0.15.3-cp37-cp37m-manylinux_2_17_aarch64.manylinux2014_aarch64.whl", hash = "sha256:ae2b325c0f6d748027f7463077e457006b4fdb35a8788f01754aadba825285ee"},
    {file = "uvloop-0.15.3-cp38-cp38-macosx_10_14_x86_64.whl", hash = "sha256:0de811931e90ae2da9e19ce70ffad73047ab0c1dba7c6e74f9ae1a3aabeb89bd"},
    {file = "uvloop-0.15.3-cp38-cp38-manylinux_2_12_x86_64.manylinux2010_x86_64.whl", hash = "sha256:7f4b8a905df909a407c5791fb582f6c03b0d3b491ecdc1cdceaefbc9bf9e08f6"},
    {file = "uvloop-0.15.3-cp38-cp38-manylinux_2_17_aarch64.manylinux2014_aarch64.whl", hash = "sha256:2d8ffe44ae709f839c54bacf14ed283f41bee90430c3b398e521e10f8d117b3a"},
    {file = "uvloop-0.15.3-cp39-cp39-macosx_10_14_x86_64.whl", hash = "sha256:63a3288abbc9c8ee979d7e34c34e780b2fbab3e7e53d00b6c80271119f277399"},
    {file = "uvloop-0.15.3-cp39-cp39-manylinux_2_12_x86_64.manylinux2010_x86_64.whl", hash = "sha256:5cda65fc60a645470b8525ce014516b120b7057b576fa876cdfdd5e60ab1efbb"},
    {file = "uvloop-0.15.3-cp39-cp39-manylinux_2_17_aarch64.manylinux2014_aarch64.whl", hash = "sha256:1ff05116ede1ebdd81802df339e5b1d4cab1dfbd99295bf27e90b4cec64d70e9"},
    {file = "uvloop-0.15.3.tar.gz", hash = "sha256:905f0adb0c09c9f44222ee02f6b96fd88b493478fffb7a345287f9444e926030"},
]
yarl = []
